
Microsoft Visual Studio Solution File, Format Version 12.00
# Visual Studio Version 17
VisualStudioVersion = 17.5.33502.453
MinimumVisualStudioVersion = 10.0.40219.1
Project("{9A19103F-16F7-4668-BE54-9A1E7A4F7556}") = "001", "001\001.csproj", "{CB33C20C-49A7-4B47-95D2-0CAE5C9AC1BF}"
EndProject
Project("{9A19103F-16F7-4668-BE54-9A1E7A4F7556}") = "002", "002\002.csproj", "{2A5DF4A5-93CC-42E7-B37E-405DE177E55B}"
EndProject
Project("{9A19103F-16F7-4668-BE54-9A1E7A4F7556}") = "003", "003\003.csproj", "{078410A1-4144-461D-9DE4-839D7ADD6E08}"
EndProject
Project("{9A19103F-16F7-4668-BE54-9A1E7A4F7556}") = "004", "004\004.csproj", "{86D07956-CDE4-44C4-8862-DB070F94D317}"
EndProject
Project("{9A19103F-16F7-4668-BE54-9A1E7A4F7556}") = "005", "005\005.csproj", "{3C5817B3-5B2F-4F22-BE9E-A14303DCD21E}"
EndProject
Project("{9A19103F-16F7-4668-BE54-9A1E7A4F7556}") = "006", "006\006.csproj", "{7031186A-5F6C-4F74-B6D5-1874B366BA76}"
EndProject
Project("{9A19103F-16F7-4668-BE54-9A1E7A4F7556}") = "007", "007\007.csproj", "{727D5530-91B3-4D31-AFDA-D94A619D8A5B}"
EndProject
Project("{9A19103F-16F7-4668-BE54-9A1E7A4F7556}") = "008", "008\008.csproj", "{DCC55099-B3E3-4022-8DFE-670137D758A0}"
EndProject
Project("{9A19103F-16F7-4668-BE54-9A1E7A4F7556}") = "009", "009\009.csproj", "{73E22E23-F41E-49B6-A161-A4FCCA305EE5}"
EndProject
Project("{9A19103F-16F7-4668-BE54-9A1E7A4F7556}") = "010", "010\010.csproj", "{F8E58981-2A95-4050-A6D5-3B46587B61C0}"
EndProject
Project("{9A19103F-16F7-4668-BE54-9A1E7A4F7556}") = "011", "011\011.csproj", "{092A9860-8F9E-4761-A1CC-9C89343C894F}"
EndProject
Project("{9A19103F-16F7-4668-BE54-9A1E7A4F7556}") = "012", "012\012.csproj", "{8D6BDF40-E4B3-49CE-89D0-F1395D9A1790}"
EndProject
Project("{9A19103F-16F7-4668-BE54-9A1E7A4F7556}") = "013", "013\013.csproj", "{D946F041-BDEA-4587-B13B-B4EA6C2DE908}"
EndProject
Project("{9A19103F-16F7-4668-BE54-9A1E7A4F7556}") = "014", "014\014.csproj", "{44D073B7-680C-422C-B358-D1B4578D3E34}"
EndProject
Project("{9A19103F-16F7-4668-BE54-9A1E7A4F7556}") = "015", "015\015.csproj", "{A7847261-D14D-4E1C-84CC-556044920A32}"
EndProject
Project("{9A19103F-16F7-4668-BE54-9A1E7A4F7556}") = "016", "016\016.csproj", "{BBC30C2F-075F-4694-8241-F341225EE386}"
EndProject
Project("{9A19103F-16F7-4668-BE54-9A1E7A4F7556}") = "017", "017\017.csproj", "{41AC11B6-D05B-4B50-A7D5-2D12345AAA74}"
EndProject
Project("{9A19103F-16F7-4668-BE54-9A1E7A4F7556}") = "018", "018\018.csproj", "{C76369F3-8F03-404D-A764-D157ECCE2FFC}"
EndProject
Project("{FAE04EC0-301F-11D3-BF4B-00C04F79EFBC}") = "019", "019\019.csproj", "{33CDBBEE-5CF4-4828-9B78-5E1C037475CC}"
EndProject
Project("{FAE04EC0-301F-11D3-BF4B-00C04F79EFBC}") = "020", "020\020.csproj", "{82CBAF2A-0455-45FD-8358-5BF7B8B0C6AB}"
EndProject
Project("{FAE04EC0-301F-11D3-BF4B-00C04F79EFBC}") = "021", "021\021.csproj", "{688ACBFA-6C15-4625-89C3-C38D46C61A74}"
EndProject
Project("{FAE04EC0-301F-11D3-BF4B-00C04F79EFBC}") = "022", "022\022.csproj", "{461C4972-E929-4B9B-B7D0-34FBFD059DD4}"
EndProject
Project("{FAE04EC0-301F-11D3-BF4B-00C04F79EFBC}") = "023", "023\023.csproj", "{6D60BC95-A2EF-437E-AB34-C906EB2AD7ED}"
EndProject
Project("{FAE04EC0-301F-11D3-BF4B-00C04F79EFBC}") = "024", "024\024.csproj", "{E0366D70-A010-423F-AE44-1DD428EC1744}"
EndProject
Project("{FAE04EC0-301F-11D3-BF4B-00C04F79EFBC}") = "025", "025\025.csproj", "{57D49468-EA94-4A9C-92A8-A6989E2EDE6B}"
EndProject
Project("{FAE04EC0-301F-11D3-BF4B-00C04F79EFBC}") = "026", "026\026.csproj", "{F0D5073C-83E5-4E07-B009-9A1209E3DA81}"
EndProject
Project("{FAE04EC0-301F-11D3-BF4B-00C04F79EFBC}") = "027", "027\027.csproj", "{BFABFE26-44E1-4C70-A52B-965A104CA762}"
EndProject
Project("{FAE04EC0-301F-11D3-BF4B-00C04F79EFBC}") = "28", "28\28.csproj", "{91B20CC1-C768-4A11-91B4-72FA90A540D6}"
EndProject
Project("{FAE04EC0-301F-11D3-BF4B-00C04F79EFBC}") = "29", "29\29.csproj", "{89BF0501-7DD8-4FE2-91D0-920EE4183225}"
EndProject
Project("{FAE04EC0-301F-11D3-BF4B-00C04F79EFBC}") = "30", "30\30.csproj", "{C266929E-77B0-4804-A72D-1EDD773B774A}"
EndProject
Global
	GlobalSection(SolutionConfigurationPlatforms) = preSolution
		Debug|Any CPU = Debug|Any CPU
		Release|Any CPU = Release|Any CPU
	EndGlobalSection
	GlobalSection(ProjectConfigurationPlatforms) = postSolution
		{CB33C20C-49A7-4B47-95D2-0CAE5C9AC1BF}.Debug|Any CPU.ActiveCfg = Debug|Any CPU
		{CB33C20C-49A7-4B47-95D2-0CAE5C9AC1BF}.Debug|Any CPU.Build.0 = Debug|Any CPU
		{CB33C20C-49A7-4B47-95D2-0CAE5C9AC1BF}.Release|Any CPU.ActiveCfg = Release|Any CPU
		{CB33C20C-49A7-4B47-95D2-0CAE5C9AC1BF}.Release|Any CPU.Build.0 = Release|Any CPU
		{2A5DF4A5-93CC-42E7-B37E-405DE177E55B}.Debug|Any CPU.ActiveCfg = Debug|Any CPU
		{2A5DF4A5-93CC-42E7-B37E-405DE177E55B}.Debug|Any CPU.Build.0 = Debug|Any CPU
		{2A5DF4A5-93CC-42E7-B37E-405DE177E55B}.Release|Any CPU.ActiveCfg = Release|Any CPU
		{2A5DF4A5-93CC-42E7-B37E-405DE177E55B}.Release|Any CPU.Build.0 = Release|Any CPU
		{078410A1-4144-461D-9DE4-839D7ADD6E08}.Debug|Any CPU.ActiveCfg = Debug|Any CPU
		{078410A1-4144-461D-9DE4-839D7ADD6E08}.Debug|Any CPU.Build.0 = Debug|Any CPU
		{078410A1-4144-461D-9DE4-839D7ADD6E08}.Release|Any CPU.ActiveCfg = Release|Any CPU
		{078410A1-4144-461D-9DE4-839D7ADD6E08}.Release|Any CPU.Build.0 = Release|Any CPU
		{86D07956-CDE4-44C4-8862-DB070F94D317}.Debug|Any CPU.ActiveCfg = Debug|Any CPU
		{86D07956-CDE4-44C4-8862-DB070F94D317}.Debug|Any CPU.Build.0 = Debug|Any CPU
		{86D07956-CDE4-44C4-8862-DB070F94D317}.Release|Any CPU.ActiveCfg = Release|Any CPU
		{86D07956-CDE4-44C4-8862-DB070F94D317}.Release|Any CPU.Build.0 = Release|Any CPU
		{3C5817B3-5B2F-4F22-BE9E-A14303DCD21E}.Debug|Any CPU.ActiveCfg = Debug|Any CPU
		{3C5817B3-5B2F-4F22-BE9E-A14303DCD21E}.Debug|Any CPU.Build.0 = Debug|Any CPU
		{3C5817B3-5B2F-4F22-BE9E-A14303DCD21E}.Release|Any CPU.ActiveCfg = Release|Any CPU
		{3C5817B3-5B2F-4F22-BE9E-A14303DCD21E}.Release|Any CPU.Build.0 = Release|Any CPU
		{7031186A-5F6C-4F74-B6D5-1874B366BA76}.Debug|Any CPU.ActiveCfg = Debug|Any CPU
		{7031186A-5F6C-4F74-B6D5-1874B366BA76}.Debug|Any CPU.Build.0 = Debug|Any CPU
		{7031186A-5F6C-4F74-B6D5-1874B366BA76}.Release|Any CPU.ActiveCfg = Release|Any CPU
		{7031186A-5F6C-4F74-B6D5-1874B366BA76}.Release|Any CPU.Build.0 = Release|Any CPU
		{727D5530-91B3-4D31-AFDA-D94A619D8A5B}.Debug|Any CPU.ActiveCfg = Debug|Any CPU
		{727D5530-91B3-4D31-AFDA-D94A619D8A5B}.Debug|Any CPU.Build.0 = Debug|Any CPU
		{727D5530-91B3-4D31-AFDA-D94A619D8A5B}.Release|Any CPU.ActiveCfg = Release|Any CPU
		{727D5530-91B3-4D31-AFDA-D94A619D8A5B}.Release|Any CPU.Build.0 = Release|Any CPU
		{DCC55099-B3E3-4022-8DFE-670137D758A0}.Debug|Any CPU.ActiveCfg = Debug|Any CPU
		{DCC55099-B3E3-4022-8DFE-670137D758A0}.Debug|Any CPU.Build.0 = Debug|Any CPU
		{DCC55099-B3E3-4022-8DFE-670137D758A0}.Release|Any CPU.ActiveCfg = Release|Any CPU
		{DCC55099-B3E3-4022-8DFE-670137D758A0}.Release|Any CPU.Build.0 = Release|Any CPU
		{73E22E23-F41E-49B6-A161-A4FCCA305EE5}.Debug|Any CPU.ActiveCfg = Debug|Any CPU
		{73E22E23-F41E-49B6-A161-A4FCCA305EE5}.Debug|Any CPU.Build.0 = Debug|Any CPU
		{73E22E23-F41E-49B6-A161-A4FCCA305EE5}.Release|Any CPU.ActiveCfg = Release|Any CPU
		{73E22E23-F41E-49B6-A161-A4FCCA305EE5}.Release|Any CPU.Build.0 = Release|Any CPU
		{F8E58981-2A95-4050-A6D5-3B46587B61C0}.Debug|Any CPU.ActiveCfg = Debug|Any CPU
		{F8E58981-2A95-4050-A6D5-3B46587B61C0}.Debug|Any CPU.Build.0 = Debug|Any CPU
		{F8E58981-2A95-4050-A6D5-3B46587B61C0}.Release|Any CPU.ActiveCfg = Release|Any CPU
		{F8E58981-2A95-4050-A6D5-3B46587B61C0}.Release|Any CPU.Build.0 = Release|Any CPU
		{092A9860-8F9E-4761-A1CC-9C89343C894F}.Debug|Any CPU.ActiveCfg = Debug|Any CPU
		{092A9860-8F9E-4761-A1CC-9C89343C894F}.Debug|Any CPU.Build.0 = Debug|Any CPU
		{092A9860-8F9E-4761-A1CC-9C89343C894F}.Release|Any CPU.ActiveCfg = Release|Any CPU
		{092A9860-8F9E-4761-A1CC-9C89343C894F}.Release|Any CPU.Build.0 = Release|Any CPU
		{8D6BDF40-E4B3-49CE-89D0-F1395D9A1790}.Debug|Any CPU.ActiveCfg = Debug|Any CPU
		{8D6BDF40-E4B3-49CE-89D0-F1395D9A1790}.Debug|Any CPU.Build.0 = Debug|Any CPU
		{8D6BDF40-E4B3-49CE-89D0-F1395D9A1790}.Release|Any CPU.ActiveCfg = Release|Any CPU
		{8D6BDF40-E4B3-49CE-89D0-F1395D9A1790}.Release|Any CPU.Build.0 = Release|Any CPU
		{D946F041-BDEA-4587-B13B-B4EA6C2DE908}.Debug|Any CPU.ActiveCfg = Debug|Any CPU
		{D946F041-BDEA-4587-B13B-B4EA6C2DE908}.Debug|Any CPU.Build.0 = Debug|Any CPU
		{D946F041-BDEA-4587-B13B-B4EA6C2DE908}.Release|Any CPU.ActiveCfg = Release|Any CPU
		{D946F041-BDEA-4587-B13B-B4EA6C2DE908}.Release|Any CPU.Build.0 = Release|Any CPU
		{44D073B7-680C-422C-B358-D1B4578D3E34}.Debug|Any CPU.ActiveCfg = Debug|Any CPU
		{44D073B7-680C-422C-B358-D1B4578D3E34}.Debug|Any CPU.Build.0 = Debug|Any CPU
		{44D073B7-680C-422C-B358-D1B4578D3E34}.Release|Any CPU.ActiveCfg = Release|Any CPU
		{44D073B7-680C-422C-B358-D1B4578D3E34}.Release|Any CPU.Build.0 = Release|Any CPU
		{A7847261-D14D-4E1C-84CC-556044920A32}.Debug|Any CPU.ActiveCfg = Debug|Any CPU
		{A7847261-D14D-4E1C-84CC-556044920A32}.Debug|Any CPU.Build.0 = Debug|Any CPU
		{A7847261-D14D-4E1C-84CC-556044920A32}.Release|Any CPU.ActiveCfg = Release|Any CPU
		{A7847261-D14D-4E1C-84CC-556044920A32}.Release|Any CPU.Build.0 = Release|Any CPU
		{BBC30C2F-075F-4694-8241-F341225EE386}.Debug|Any CPU.ActiveCfg = Debug|Any CPU
		{BBC30C2F-075F-4694-8241-F341225EE386}.Debug|Any CPU.Build.0 = Debug|Any CPU
		{BBC30C2F-075F-4694-8241-F341225EE386}.Release|Any CPU.ActiveCfg = Release|Any CPU
		{BBC30C2F-075F-4694-8241-F341225EE386}.Release|Any CPU.Build.0 = Release|Any CPU
		{41AC11B6-D05B-4B50-A7D5-2D12345AAA74}.Debug|Any CPU.ActiveCfg = Debug|Any CPU
		{41AC11B6-D05B-4B50-A7D5-2D12345AAA74}.Debug|Any CPU.Build.0 = Debug|Any CPU
		{41AC11B6-D05B-4B50-A7D5-2D12345AAA74}.Release|Any CPU.ActiveCfg = Release|Any CPU
		{41AC11B6-D05B-4B50-A7D5-2D12345AAA74}.Release|Any CPU.Build.0 = Release|Any CPU
		{C76369F3-8F03-404D-A764-D157ECCE2FFC}.Debug|Any CPU.ActiveCfg = Debug|Any CPU
		{C76369F3-8F03-404D-A764-D157ECCE2FFC}.Debug|Any CPU.Build.0 = Debug|Any CPU
		{C76369F3-8F03-404D-A764-D157ECCE2FFC}.Release|Any CPU.ActiveCfg = Release|Any CPU
		{C76369F3-8F03-404D-A764-D157ECCE2FFC}.Release|Any CPU.Build.0 = Release|Any CPU
		{33CDBBEE-5CF4-4828-9B78-5E1C037475CC}.Debug|Any CPU.ActiveCfg = Debug|Any CPU
		{33CDBBEE-5CF4-4828-9B78-5E1C037475CC}.Debug|Any CPU.Build.0 = Debug|Any CPU
		{33CDBBEE-5CF4-4828-9B78-5E1C037475CC}.Release|Any CPU.ActiveCfg = Release|Any CPU
		{33CDBBEE-5CF4-4828-9B78-5E1C037475CC}.Release|Any CPU.Build.0 = Release|Any CPU
		{82CBAF2A-0455-45FD-8358-5BF7B8B0C6AB}.Debug|Any CPU.ActiveCfg = Debug|Any CPU
		{82CBAF2A-0455-45FD-8358-5BF7B8B0C6AB}.Debug|Any CPU.Build.0 = Debug|Any CPU
		{82CBAF2A-0455-45FD-8358-5BF7B8B0C6AB}.Release|Any CPU.ActiveCfg = Release|Any CPU
		{82CBAF2A-0455-45FD-8358-5BF7B8B0C6AB}.Release|Any CPU.Build.0 = Release|Any CPU
		{688ACBFA-6C15-4625-89C3-C38D46C61A74}.Debug|Any CPU.ActiveCfg = Debug|Any CPU
		{688ACBFA-6C15-4625-89C3-C38D46C61A74}.Debug|Any CPU.Build.0 = Debug|Any CPU
		{688ACBFA-6C15-4625-89C3-C38D46C61A74}.Release|Any CPU.ActiveCfg = Release|Any CPU
		{688ACBFA-6C15-4625-89C3-C38D46C61A74}.Release|Any CPU.Build.0 = Release|Any CPU
		{461C4972-E929-4B9B-B7D0-34FBFD059DD4}.Debug|Any CPU.ActiveCfg = Debug|Any CPU
		{461C4972-E929-4B9B-B7D0-34FBFD059DD4}.Debug|Any CPU.Build.0 = Debug|Any CPU
		{461C4972-E929-4B9B-B7D0-34FBFD059DD4}.Release|Any CPU.ActiveCfg = Release|Any CPU
		{461C4972-E929-4B9B-B7D0-34FBFD059DD4}.Release|Any CPU.Build.0 = Release|Any CPU
		{6D60BC95-A2EF-437E-AB34-C906EB2AD7ED}.Debug|Any CPU.ActiveCfg = Debug|Any CPU
		{6D60BC95-A2EF-437E-AB34-C906EB2AD7ED}.Debug|Any CPU.Build.0 = Debug|Any CPU
		{6D60BC95-A2EF-437E-AB34-C906EB2AD7ED}.Release|Any CPU.ActiveCfg = Release|Any CPU
		{6D60BC95-A2EF-437E-AB34-C906EB2AD7ED}.Release|Any CPU.Build.0 = Release|Any CPU
		{E0366D70-A010-423F-AE44-1DD428EC1744}.Debug|Any CPU.ActiveCfg = Debug|Any CPU
		{E0366D70-A010-423F-AE44-1DD428EC1744}.Debug|Any CPU.Build.0 = Debug|Any CPU
		{E0366D70-A010-423F-AE44-1DD428EC1744}.Release|Any CPU.ActiveCfg = Release|Any CPU
		{E0366D70-A010-423F-AE44-1DD428EC1744}.Release|Any CPU.Build.0 = Release|Any CPU
		{57D49468-EA94-4A9C-92A8-A6989E2EDE6B}.Debug|Any CPU.ActiveCfg = Debug|Any CPU
		{57D49468-EA94-4A9C-92A8-A6989E2EDE6B}.Debug|Any CPU.Build.0 = Debug|Any CPU
		{57D49468-EA94-4A9C-92A8-A6989E2EDE6B}.Release|Any CPU.ActiveCfg = Release|Any CPU
		{57D49468-EA94-4A9C-92A8-A6989E2EDE6B}.Release|Any CPU.Build.0 = Release|Any CPU
		{F0D5073C-83E5-4E07-B009-9A1209E3DA81}.Debug|Any CPU.ActiveCfg = Debug|Any CPU
		{F0D5073C-83E5-4E07-B009-9A1209E3DA81}.Debug|Any CPU.Build.0 = Debug|Any CPU
		{F0D5073C-83E5-4E07-B009-9A1209E3DA81}.Release|Any CPU.ActiveCfg = Release|Any CPU
		{F0D5073C-83E5-4E07-B009-9A1209E3DA81}.Release|Any CPU.Build.0 = Release|Any CPU
		{BFABFE26-44E1-4C70-A52B-965A104CA762}.Debug|Any CPU.ActiveCfg = Debug|Any CPU
		{BFABFE26-44E1-4C70-A52B-965A104CA762}.Debug|Any CPU.Build.0 = Debug|Any CPU
		{BFABFE26-44E1-4C70-A52B-965A104CA762}.Release|Any CPU.ActiveCfg = Release|Any CPU
		{BFABFE26-44E1-4C70-A52B-965A104CA762}.Release|Any CPU.Build.0 = Release|Any CPU
		{91B20CC1-C768-4A11-91B4-72FA90A540D6}.Debug|Any CPU.ActiveCfg = Debug|Any CPU
		{91B20CC1-C768-4A11-91B4-72FA90A540D6}.Debug|Any CPU.Build.0 = Debug|Any CPU
		{91B20CC1-C768-4A11-91B4-72FA90A540D6}.Release|Any CPU.ActiveCfg = Release|Any CPU
		{91B20CC1-C768-4A11-91B4-72FA90A540D6}.Release|Any CPU.Build.0 = Release|Any CPU
		{89BF0501-7DD8-4FE2-91D0-920EE4183225}.Debug|Any CPU.ActiveCfg = Debug|Any CPU
		{89BF0501-7DD8-4FE2-91D0-920EE4183225}.Debug|Any CPU.Build.0 = Debug|Any CPU
		{89BF0501-7DD8-4FE2-91D0-920EE4183225}.Release|Any CPU.ActiveCfg = Release|Any CPU
		{89BF0501-7DD8-4FE2-91D0-920EE4183225}.Release|Any CPU.Build.0 = Release|Any CPU
		{C266929E-77B0-4804-A72D-1EDD773B774A}.Debug|Any CPU.ActiveCfg = Debug|Any CPU
		{C266929E-77B0-4804-A72D-1EDD773B774A}.Debug|Any CPU.Build.0 = Debug|Any CPU
		{C266929E-77B0-4804-A72D-1EDD773B774A}.Release|Any CPU.ActiveCfg = Release|Any CPU
		{C266929E-77B0-4804-A72D-1EDD773B774A}.Release|Any CPU.Build.0 = Release|Any CPU
	EndGlobalSection
	GlobalSection(SolutionProperties) = preSolution
		HideSolutionNode = FALSE
	EndGlobalSection
	GlobalSection(ExtensibilityGlobals) = postSolution
		SolutionGuid = {E31CA5F9-EB26-4EA6-9D0A-5D46281B163A}
	EndGlobalSection
EndGlobal
